Microsoft Visual Studio Solution File, Format Version 12.00
# Visual Studio 14
Project("{8BC9CEB8-8B4A-11D0-8D11-00A0C91BC942}") = "ALL_BUILD", "ALL_BUILD.vcxproj", "{5964F231-EE7D-3B9F-AB03-01C7A91288F7}"
	ProjectSection(ProjectDependencies) = postProject
		{F9F26BEA-BAA1-3C84-BAC1-26358C919B41} = {F9F26BEA-BAA1-3C84-BAC1-26358C919B41}
		{6FB77CD0-FB23-35AD-AB02-8AEE7B9898B7} = {6FB77CD0-FB23-35AD-AB02-8AEE7B9898B7}
		{C5D0DCEF-4DF6-3142-89DF-3E6AA5843140} = {C5D0DCEF-4DF6-3142-89DF-3E6AA5843140}
		{CC840927-D578-3101-8A88-827B54B36D3F} = {CC840927-D578-3101-8A88-827B54B36D3F}
		{439B177B-6862-3A11-B0CB-A2D5F0216CED} = {439B177B-6862-3A11-B0CB-A2D5F0216CED}
		{6D091557-9749-3485-8BD8-D344E4EF9877} = {6D091557-9749-3485-8BD8-D344E4EF9877}
		{806590D0-EAB1-3DE5-9ACF-5B8FA70A9860} = {806590D0-EAB1-3DE5-9ACF-5B8FA70A9860}
		{6F4DFFB8-3796-383C-894F-04386E93C745} = {6F4DFFB8-3796-383C-894F-04386E93C745}
		{04799333-469A-3974-8F33-2051FDBFE0A3} = {04799333-469A-3974-8F33-2051FDBFE0A3}
		{E0CFB212-0FDB-37BE-821D-1FC0B9FCF042} = {E0CFB212-0FDB-37BE-821D-1FC0B9FCF042}
	EndProjectSection
EndProject
Project("{8BC9CEB8-8B4A-11D0-8D11-00A0C91BC942}") = "Continuous", "Continuous.vcxproj", "{7602DE92-BB7D-36C3-85D7-5B42ACE7FB59}"
	ProjectSection(ProjectDependencies) = postProject
		{F9F26BEA-BAA1-3C84-BAC1-26358C919B41} = {F9F26BEA-BAA1-3C84-BAC1-26358C919B41}
	EndProjectSection
EndProject
Project("{8BC9CEB8-8B4A-11D0-8D11-00A0C91BC942}") = "Experimental", "Experimental.vcxproj", "{0658F211-5917-36C6-B30F-1759054608B0}"
	ProjectSection(ProjectDependencies) = postProject
		{F9F26BEA-BAA1-3C84-BAC1-26358C919B41} = {F9F26BEA-BAA1-3C84-BAC1-26358C919B41}
	EndProjectSection
EndProject
Project("{8BC9CEB8-8B4A-11D0-8D11-00A0C91BC942}") = "Nightly", "Nightly.vcxproj", "{DF8BDDB6-B328-3806-9C8C-2902F9CAB9E5}"
	ProjectSection(ProjectDependencies) = postProject
		{F9F26BEA-BAA1-3C84-BAC1-26358C919B41} = {F9F26BEA-BAA1-3C84-BAC1-26358C919B41}
	EndProjectSection
EndProject
Project("{8BC9CEB8-8B4A-11D0-8D11-00A0C91BC942}") = "NightlyMemoryCheck", "NightlyMemoryCheck.vcxproj", "{DCE348DB-E089-3098-A749-51095A466AD3}"
	ProjectSection(ProjectDependencies) = postProject
		{F9F26BEA-BAA1-3C84-BAC1-26358C919B41} = {F9F26BEA-BAA1-3C84-BAC1-26358C919B41}
	EndProjectSection
EndProject
Project("{8BC9CEB8-8B4A-11D0-8D11-00A0C91BC942}") = "RUN_TESTS", "RUN_TESTS.vcxproj", "{85180F7C-14CA-3A5B-846F-DDD29783FA26}"
	ProjectSection(ProjectDependencies) = postProject
	EndProjectSection
EndProject
Project("{8BC9CEB8-8B4A-11D0-8D11-00A0C91BC942}") = "ZERO_CHECK", "ZERO_CHECK.vcxproj", "{F9F26BEA-BAA1-3C84-BAC1-26358C919B41}"
	ProjectSection(ProjectDependencies) = postProject
	EndProjectSection
EndProject
Project("{8BC9CEB8-8B4A-11D0-8D11-00A0C91BC942}") = "audioprobe", "tests\audioprobe.vcxproj", "{6FB77CD0-FB23-35AD-AB02-8AEE7B9898B7}"
	ProjectSection(ProjectDependencies) = postProject
		{F9F26BEA-BAA1-3C84-BAC1-26358C919B41} = {F9F26BEA-BAA1-3C84-BAC1-26358C919B41}
		{6F4DFFB8-3796-383C-894F-04386E93C745} = {6F4DFFB8-3796-383C-894F-04386E93C745}
	EndProjectSection
EndProject
Project("{8BC9CEB8-8B4A-11D0-8D11-00A0C91BC942}") = "duplex", "tests\duplex.vcxproj", "{C5D0DCEF-4DF6-3142-89DF-3E6AA5843140}"
	ProjectSection(ProjectDependencies) = postProject
		{F9F26BEA-BAA1-3C84-BAC1-26358C919B41} = {F9F26BEA-BAA1-3C84-BAC1-26358C919B41}
		{6F4DFFB8-3796-383C-894F-04386E93C745} = {6F4DFFB8-3796-383C-894F-04386E93C745}
	EndProjectSection
EndProject
Project("{8BC9CEB8-8B4A-11D0-8D11-00A0C91BC942}") = "playraw", "tests\playraw.vcxproj", "{CC840927-D578-3101-8A88-827B54B36D3F}"
	ProjectSection(ProjectDependencies) = postProject
		{F9F26BEA-BAA1-3C84-BAC1-26358C919B41} = {F9F26BEA-BAA1-3C84-BAC1-26358C919B41}
		{6F4DFFB8-3796-383C-894F-04386E93C745} = {6F4DFFB8-3796-383C-894F-04386E93C745}
	EndProjectSection
EndProject
Project("{8BC9CEB8-8B4A-11D0-8D11-00A0C91BC942}") = "playsaw", "tests\playsaw.vcxproj", "{439B177B-6862-3A11-B0CB-A2D5F0216CED}"
	ProjectSection(ProjectDependencies) = postProject
		{F9F26BEA-BAA1-3C84-BAC1-26358C919B41} = {F9F26BEA-BAA1-3C84-BAC1-26358C919B41}
		{6F4DFFB8-3796-383C-894F-04386E93C745} = {6F4DFFB8-3796-383C-894F-04386E93C745}
	EndProjectSection
EndProject
Project("{8BC9CEB8-8B4A-11D0-8D11-00A0C91BC942}") = "record", "tests\record.vcxproj", "{6D091557-9749-3485-8BD8-D344E4EF9877}"
	ProjectSection(ProjectDependencies) = postProject
		{F9F26BEA-BAA1-3C84-BAC1-26358C919B41} = {F9F26BEA-BAA1-3C84-BAC1-26358C919B41}
		{6F4DFFB8-3796-383C-894F-04386E93C745} = {6F4DFFB8-3796-383C-894F-04386E93C745}
	EndProjectSection
EndProject
Project("{8BC9CEB8-8B4A-11D0-8D11-00A0C91BC942}") = "rtaudio", "rtaudio.vcxproj", "{806590D0-EAB1-3DE5-9ACF-5B8FA70A9860}"
	ProjectSection(ProjectDependencies) = postProject
		{F9F26BEA-BAA1-3C84-BAC1-26358C919B41} = {F9F26BEA-BAA1-3C84-BAC1-26358C919B41}
	EndProjectSection
EndProject
Project("{8BC9CEB8-8B4A-11D0-8D11-00A0C91BC942}") = "rtaudio_static", "rtaudio_static.vcxproj", "{6F4DFFB8-3796-383C-894F-04386E93C745}"
	ProjectSection(ProjectDependencies) = postProject
		{F9F26BEA-BAA1-3C84-BAC1-26358C919B41} = {F9F26BEA-BAA1-3C84-BAC1-26358C919B41}
	EndProjectSection
EndProject
Project("{8BC9CEB8-8B4A-11D0-8D11-00A0C91BC942}") = "testall", "tests\testall.vcxproj", "{04799333-469A-3974-8F33-2051FDBFE0A3}"
	ProjectSection(ProjectDependencies) = postProject
		{F9F26BEA-BAA1-3C84-BAC1-26358C919B41} = {F9F26BEA-BAA1-3C84-BAC1-26358C919B41}
		{6F4DFFB8-3796-383C-894F-04386E93C745} = {6F4DFFB8-3796-383C-894F-04386E93C745}
	EndProjectSection
EndProject
Project("{8BC9CEB8-8B4A-11D0-8D11-00A0C91BC942}") = "teststops", "tests\teststops.vcxproj", "{E0CFB212-0FDB-37BE-821D-1FC0B9FCF042}"
	ProjectSection(ProjectDependencies) = postProject
		{F9F26BEA-BAA1-3C84-BAC1-26358C919B41} = {F9F26BEA-BAA1-3C84-BAC1-26358C919B41}
		{6F4DFFB8-3796-383C-894F-04386E93C745} = {6F4DFFB8-3796-383C-894F-04386E93C745}
	EndProjectSection
EndProject
Global
	GlobalSection(SolutionConfigurationPlatforms) = preSolution
		Debug|x64 = Debug|x64
		Release|x64 = Release|x64
		MinSizeRel|x64 = MinSizeRel|x64
		RelWithDebInfo|x64 = RelWithDebInfo|x64
	EndGlobalSection
	GlobalSection(ProjectConfigurationPlatforms) = postSolution
		{5964F231-EE7D-3B9F-AB03-01C7A91288F7}.Debug|x64.ActiveCfg = Debug|x64
		{5964F231-EE7D-3B9F-AB03-01C7A91288F7}.Release|x64.ActiveCfg = Release|x64
		{5964F231-EE7D-3B9F-AB03-01C7A91288F7}.MinSizeRel|x64.ActiveCfg = MinSizeRel|x64
		{5964F231-EE7D-3B9F-AB03-01C7A91288F7}.RelWithDebInfo|x64.ActiveCfg = RelWithDebInfo|x64
		{7602DE92-BB7D-36C3-85D7-5B42ACE7FB59}.Debug|x64.ActiveCfg = Debug|x64
		{7602DE92-BB7D-36C3-85D7-5B42ACE7FB59}.Release|x64.ActiveCfg = Release|x64
		{7602DE92-BB7D-36C3-85D7-5B42ACE7FB59}.MinSizeRel|x64.ActiveCfg = MinSizeRel|x64
		{7602DE92-BB7D-36C3-85D7-5B42ACE7FB59}.RelWithDebInfo|x64.ActiveCfg = RelWithDebInfo|x64
		{0658F211-5917-36C6-B30F-1759054608B0}.Debug|x64.ActiveCfg = Debug|x64
		{0658F211-5917-36C6-B30F-1759054608B0}.Release|x64.ActiveCfg = Release|x64
		{0658F211-5917-36C6-B30F-1759054608B0}.MinSizeRel|x64.ActiveCfg = MinSizeRel|x64
		{0658F211-5917-36C6-B30F-1759054608B0}.RelWithDebInfo|x64.ActiveCfg = RelWithDebInfo|x64
		{DF8BDDB6-B328-3806-9C8C-2902F9CAB9E5}.Debug|x64.ActiveCfg = Debug|x64
		{DF8BDDB6-B328-3806-9C8C-2902F9CAB9E5}.Release|x64.ActiveCfg = Release|x64
		{DF8BDDB6-B328-3806-9C8C-2902F9CAB9E5}.MinSizeRel|x64.ActiveCfg = MinSizeRel|x64
		{DF8BDDB6-B328-3806-9C8C-2902F9CAB9E5}.RelWithDebInfo|x64.ActiveCfg = RelWithDebInfo|x64
		{DCE348DB-E089-3098-A749-51095A466AD3}.Debug|x64.ActiveCfg = Debug|x64
		{DCE348DB-E089-3098-A749-51095A466AD3}.Release|x64.ActiveCfg = Release|x64
		{DCE348DB-E089-3098-A749-51095A466AD3}.MinSizeRel|x64.ActiveCfg = MinSizeRel|x64
		{DCE348DB-E089-3098-A749-51095A466AD3}.RelWithDebInfo|x64.ActiveCfg = RelWithDebInfo|x64
		{85180F7C-14CA-3A5B-846F-DDD29783FA26}.Debug|x64.ActiveCfg = Debug|x64
		{85180F7C-14CA-3A5B-846F-DDD29783FA26}.Release|x64.ActiveCfg = Release|x64
		{85180F7C-14CA-3A5B-846F-DDD29783FA26}.MinSizeRel|x64.ActiveCfg = MinSizeRel|x64
		{85180F7C-14CA-3A5B-846F-DDD29783FA26}.RelWithDebInfo|x64.ActiveCfg = RelWithDebInfo|x64
		{F9F26BEA-BAA1-3C84-BAC1-26358C919B41}.Debug|x64.ActiveCfg = Debug|x64
		{F9F26BEA-BAA1-3C84-BAC1-26358C919B41}.Debug|x64.Build.0 = Debug|x64
		{F9F26BEA-BAA1-3C84-BAC1-26358C919B41}.Release|x64.ActiveCfg = Release|x64
		{F9F26BEA-BAA1-3C84-BAC1-26358C919B41}.Release|x64.Build.0 = Release|x64
		{F9F26BEA-BAA1-3C84-BAC1-26358C919B41}.MinSizeRel|x64.ActiveCfg = MinSizeRel|x64
		{F9F26BEA-BAA1-3C84-BAC1-26358C919B41}.MinSizeRel|x64.Build.0 = MinSizeRel|x64
		{F9F26BEA-BAA1-3C84-BAC1-26358C919B41}.RelWithDebInfo|x64.ActiveCfg = RelWithDebInfo|x64
		{F9F26BEA-BAA1-3C84-BAC1-26358C919B41}.RelWithDebInfo|x64.Build.0 = RelWithDebInfo|x64
		{6FB77CD0-FB23-35AD-AB02-8AEE7B9898B7}.Debug|x64.ActiveCfg = Debug|x64
		{6FB77CD0-FB23-35AD-AB02-8AEE7B9898B7}.Debug|x64.Build.0 = Debug|x64
		{6FB77CD0-FB23-35AD-AB02-8AEE7B9898B7}.Release|x64.ActiveCfg = Release|x64
		{6FB77CD0-FB23-35AD-AB02-8AEE7B9898B7}.Release|x64.Build.0 = Release|x64
		{6FB77CD0-FB23-35AD-AB02-8AEE7B9898B7}.MinSizeRel|x64.ActiveCfg = MinSizeRel|x64
		{6FB77CD0-FB23-35AD-AB02-8AEE7B9898B7}.MinSizeRel|x64.Build.0 = MinSizeRel|x64
		{6FB77CD0-FB23-35AD-AB02-8AEE7B9898B7}.RelWithDebInfo|x64.ActiveCfg = RelWithDebInfo|x64
		{6FB77CD0-FB23-35AD-AB02-8AEE7B9898B7}.RelWithDebInfo|x64.Build.0 = RelWithDebInfo|x64
		{C5D0DCEF-4DF6-3142-89DF-3E6AA5843140}.Debug|x64.ActiveCfg = Debug|x64
		{C5D0DCEF-4DF6-3142-89DF-3E6AA5843140}.Debug|x64.Build.0 = Debug|x64
		{C5D0DCEF-4DF6-3142-89DF-3E6AA5843140}.Release|x64.ActiveCfg = Release|x64
		{C5D0DCEF-4DF6-3142-89DF-3E6AA5843140}.Release|x64.Build.0 = Release|x64
		{C5D0DCEF-4DF6-3142-89DF-3E6AA5843140}.MinSizeRel|x64.ActiveCfg = MinSizeRel|x64
		{C5D0DCEF-4DF6-3142-89DF-3E6AA5843140}.MinSizeRel|x64.Build.0 = MinSizeRel|x64
		{C5D0DCEF-4DF6-3142-89DF-3E6AA5843140}.RelWithDebInfo|x64.ActiveCfg = RelWithDebInfo|x64
		{C5D0DCEF-4DF6-3142-89DF-3E6AA5843140}.RelWithDebInfo|x64.Build.0 = RelWithDebInfo|x64
		{CC840927-D578-3101-8A88-827B54B36D3F}.Debug|x64.ActiveCfg = Debug|x64
		{CC840927-D578-3101-8A88-827B54B36D3F}.Debug|x64.Build.0 = Debug|x64
		{CC840927-D578-3101-8A88-827B54B36D3F}.Release|x64.ActiveCfg = Release|x64
		{CC840927-D578-3101-8A88-827B54B36D3F}.Release|x64.Build.0 = Release|x64
		{CC840927-D578-3101-8A88-827B54B36D3F}.MinSizeRel|x64.ActiveCfg = MinSizeRel|x64
		{CC840927-D578-3101-8A88-827B54B36D3F}.MinSizeRel|x64.Build.0 = MinSizeRel|x64
		{CC840927-D578-3101-8A88-827B54B36D3F}.RelWithDebInfo|x64.ActiveCfg = RelWithDebInfo|x64
		{CC840927-D578-3101-8A88-827B54B36D3F}.RelWithDebInfo|x64.Build.0 = RelWithDebInfo|x64
		{439B177B-6862-3A11-B0CB-A2D5F0216CED}.Debug|x64.ActiveCfg = Debug|x64
		{439B177B-6862-3A11-B0CB-A2D5F0216CED}.Debug|x64.Build.0 = Debug|x64
		{439B177B-6862-3A11-B0CB-A2D5F0216CED}.Release|x64.ActiveCfg = Release|x64
		{439B177B-6862-3A11-B0CB-A2D5F0216CED}.Release|x64.Build.0 = Release|x64
		{439B177B-6862-3A11-B0CB-A2D5F0216CED}.MinSizeRel|x64.ActiveCfg = MinSizeRel|x64
		{439B177B-6862-3A11-B0CB-A2D5F0216CED}.MinSizeRel|x64.Build.0 = MinSizeRel|x64
		{439B177B-6862-3A11-B0CB-A2D5F0216CED}.RelWithDebInfo|x64.ActiveCfg = RelWithDebInfo|x64
		{439B177B-6862-3A11-B0CB-A2D5F0216CED}.RelWithDebInfo|x64.Build.0 = RelWithDebInfo|x64
		{6D091557-9749-3485-8BD8-D344E4EF9877}.Debug|x64.ActiveCfg = Debug|x64
		{6D091557-9749-3485-8BD8-D344E4EF9877}.Debug|x64.Build.0 = Debug|x64
		{6D091557-9749-3485-8BD8-D344E4EF9877}.Release|x64.ActiveCfg = Release|x64
		{6D091557-9749-3485-8BD8-D344E4EF9877}.Release|x64.Build.0 = Release|x64
		{6D091557-9749-3485-8BD8-D344E4EF9877}.MinSizeRel|x64.ActiveCfg = MinSizeRel|x64
		{6D091557-9749-3485-8BD8-D344E4EF9877}.MinSizeRel|x64.Build.0 = MinSizeRel|x64
		{6D091557-9749-3485-8BD8-D344E4EF9877}.RelWithDebInfo|x64.ActiveCfg = RelWithDebInfo|x64
		{6D091557-9749-3485-8BD8-D344E4EF9877}.RelWithDebInfo|x64.Build.0 = RelWithDebInfo|x64
		{806590D0-EAB1-3DE5-9ACF-5B8FA70A9860}.Debug|x64.ActiveCfg = Debug|x64
		{806590D0-EAB1-3DE5-9ACF-5B8FA70A9860}.Debug|x64.Build.0 = Debug|x64
		{806590D0-EAB1-3DE5-9ACF-5B8FA70A9860}.Release|x64.ActiveCfg = Release|x64
		{806590D0-EAB1-3DE5-9ACF-5B8FA70A9860}.Release|x64.Build.0 = Release|x64
		{806590D0-EAB1-3DE5-9ACF-5B8FA70A9860}.MinSizeRel|x64.ActiveCfg = MinSizeRel|x64
		{806590D0-EAB1-3DE5-9ACF-5B8FA70A9860}.MinSizeRel|x64.Build.0 = MinSizeRel|x64
		{806590D0-EAB1-3DE5-9ACF-5B8FA70A9860}.RelWithDebInfo|x64.ActiveCfg = RelWithDebInfo|x64
		{806590D0-EAB1-3DE5-9ACF-5B8FA70A9860}.RelWithDebInfo|x64.Build.0 = RelWithDebInfo|x64
		{6F4DFFB8-3796-383C-894F-04386E93C745}.Debug|x64.ActiveCfg = Debug|x64
		{6F4DFFB8-3796-383C-894F-04386E93C745}.Debug|x64.Build.0 = Debug|x64
		{6F4DFFB8-3796-383C-894F-04386E93C745}.Release|x64.ActiveCfg = Release|x64
		{6F4DFFB8-3796-383C-894F-04386E93C745}.Release|x64.Build.0 = Release|x64
		{6F4DFFB8-3796-383C-894F-04386E93C745}.MinSizeRel|x64.ActiveCfg = MinSizeRel|x64
		{6F4DFFB8-3796-383C-894F-04386E93C745}.MinSizeRel|x64.Build.0 = MinSizeRel|x64
		{6F4DFFB8-3796-383C-894F-04386E93C745}.RelWithDebInfo|x64.ActiveCfg = RelWithDebInfo|x64
		{6F4DFFB8-3796-383C-894F-04386E93C745}.RelWithDebInfo|x64.Build.0 = RelWithDebInfo|x64
		{04799333-469A-3974-8F33-2051FDBFE0A3}.Debug|x64.ActiveCfg = Debug|x64
		{04799333-469A-3974-8F33-2051FDBFE0A3}.Debug|x64.Build.0 = Debug|x64
		{04799333-469A-3974-8F33-2051FDBFE0A3}.Release|x64.ActiveCfg = Release|x64
		{04799333-469A-3974-8F33-2051FDBFE0A3}.Release|x64.Build.0 = Release|x64
		{04799333-469A-3974-8F33-2051FDBFE0A3}.MinSizeRel|x64.ActiveCfg = MinSizeRel|x64
		{04799333-469A-3974-8F33-2051FDBFE0A3}.MinSizeRel|x64.Build.0 = MinSizeRel|x64
		{04799333-469A-3974-8F33-2051FDBFE0A3}.RelWithDebInfo|x64.ActiveCfg = RelWithDebInfo|x64
		{04799333-469A-3974-8F33-2051FDBFE0A3}.RelWithDebInfo|x64.Build.0 = RelWithDebInfo|x64
		{E0CFB212-0FDB-37BE-821D-1FC0B9FCF042}.Debug|x64.ActiveCfg = Debug|x64
		{E0CFB212-0FDB-37BE-821D-1FC0B9FCF042}.Debug|x64.Build.0 = Debug|x64
		{E0CFB212-0FDB-37BE-821D-1FC0B9FCF042}.Release|x64.ActiveCfg = Release|x64
		{E0CFB212-0FDB-37BE-821D-1FC0B9FCF042}.Release|x64.Build.0 = Release|x64
		{E0CFB212-0FDB-37BE-821D-1FC0B9FCF042}.MinSizeRel|x64.ActiveCfg = MinSizeRel|x64
		{E0CFB212-0FDB-37BE-821D-1FC0B9FCF042}.MinSizeRel|x64.Build.0 = MinSizeRel|x64
		{E0CFB212-0FDB-37BE-821D-1FC0B9FCF042}.RelWithDebInfo|x64.ActiveCfg = RelWithDebInfo|x64
		{E0CFB212-0FDB-37BE-821D-1FC0B9FCF042}.RelWithDebInfo|x64.Build.0 = RelWithDebInfo|x64
	EndGlobalSection
	GlobalSection(ExtensibilityGlobals) = postSolution
	EndGlobalSection
	GlobalSection(ExtensibilityAddIns) = postSolution
	EndGlobalSection
EndGlobal
